// !$*UTF8*$!
{
	archiveVersion = 1;
	classes = {
	};
	objectVersion = 50;
	objects = {

/* Begin PBXBuildFile section */
		E0BEA1B226679DBC00690C00 /* AppDelegate.swift in Sources */ = {isa = PBXBuildFile; fileRef = E0BEA1B126679DBC00690C00 /* AppDelegate.swift */; };
		E0BEA1B426679DBC00690C00 /* SceneDelegate.swift in Sources */ = {isa = PBXBuildFile; fileRef = E0BEA1B326679DBC00690C00 /* SceneDelegate.swift */; };
		E0BEA1B626679DBC00690C00 /* ViewController.swift in Sources */ = {isa = PBXBuildFile; fileRef = E0BEA1B526679DBC00690C00 /* ViewController.swift */; };
		E0BEA1B926679DBC00690C00 /* Main.storyboard in Resources */ = {isa = PBXBuildFile; fileRef = E0BEA1B726679DBC00690C00 /* Main.storyboard */; };
		E0BEA1BB26679DBD00690C00 /* Assets.xcassets in Resources */ = {isa = PBXBuildFile; fileRef = E0BEA1BA26679DBD00690C00 /* Assets.xcassets */; };
		E0BEA1BE26679DBD00690C00 /* LaunchScreen.storyboard in Resources */ = {isa = PBXBuildFile; fileRef = E0BEA1BC26679DBD00690C00 /* LaunchScreen.storyboard */; };
		EB2702D013005930D4EECB81 /* Pods_My_RxSwift.framework in Frameworks */ = {isa = PBXBuildFile; fileRef = 966855F55F9AB5AF6999A534 /* Pods_My_RxSwift.framework */; };
/* End PBXBuildFile section */

/* Begin PBXFileReference section */
		3EB7BA58E9D2D7B5BE580429 /* Pods-My RxSwift.release.xcconfig */ = {isa = PBXFileReference; includeInIndex = 1; lastKnownFileType = text.xcconfig; name = "Pods-My RxSwift.release.xcconfig"; path = "Target Support Files/Pods-My RxSwift/Pods-My RxSwift.release.xcconfig"; sourceTree = "<group>"; };
		966855F55F9AB5AF6999A534 /* Pods_My_RxSwift.framework */ = {isa = PBXFileReference; explicitFileType = wrapper.framework; includeInIndex = 0; path = Pods_My_RxSwift.framework; sourceTree = BUILT_PRODUCTS_DIR; };
		B30AACB4FE355FF961CA4FE2 /* Pods-My RxSwift.debug.xcconfig */ = {isa = PBXFileReference; includeInIndex = 1; lastKnownFileType = text.xcconfig; name = "Pods-My RxSwift.debug.xcconfig"; path = "Target Support Files/Pods-My RxSwift/Pods-My RxSwift.debug.xcconfig"; sourceTree = "<group>"; };
		E0BEA1AE26679DBC00690C00 /* My RxSwift.app */ = {isa = PBXFileReference; explicitFileType = wrapper.application; includeInIndex = 0; path = "My RxSwift.app"; sourceTree = BUILT_PRODUCTS_DIR; };
		E0BEA1B126679DBC00690C00 /* AppDelegate.swift */ = {isa = PBXFileReference; lastKnownFileType = sourcecode.swift; path = AppDelegate.swift; sourceTree = "<group>"; };
		E0BEA1B326679DBC00690C00 /* SceneDelegate.swift */ = {isa = PBXFileReference; lastKnownFileType = sourcecode.swift; path = SceneDelegate.swift; sourceTree = "<group>"; };
		E0BEA1B526679DBC00690C00 /* ViewController.swift */ = {isa = PBXFileReference; lastKnownFileType = sourcecode.swift; path = ViewController.swift; sourceTree = "<group>"; };
		E0BEA1B826679DBC00690C00 /* Base */ = {isa = PBXFileReference; lastKnownFileType = file.storyboard; name = Base; path = Base.lproj/Main.storyboard; sourceTree = "<group>"; };
		E0BEA1BA26679DBD00690C00 /* Assets.xcassets */ = {isa = PBXFileReference; lastKnownFileType = folder.assetcatalog; path = Assets.xcassets; sourceTree = "<group>"; };
		E0BEA1BD26679DBD00690C00 /* Base */ = {isa = PBXFileReference; lastKnownFileType = file.storyboard; name = Base; path = Base.lproj/LaunchScreen.storyboard; sourceTree = "<group>"; };
		E0BEA1BF26679DBD00690C00 /* Info.plist */ = {isa = PBXFileReference; lastKnownFileType = text.plist.xml; path = Info.plist; sourceTree = "<group>"; };
/* End PBXFileReference section */

/* Begin PBXFrameworksBuildPhase section */
		E0BEA1AB26679DBC00690C00 /* Frameworks */ = {
			isa = PBXFrameworksBuildPhase;
			buildActionMask = 2147483647;
			files = (
				EB2702D013005930D4EECB81 /* Pods_My_RxSwift.framework in Frameworks */,
			);
			runOnlyForDeploymentPostprocessing = 0;
		};
/* End PBXFrameworksBuildPhase section */

/* Begin PBXGroup section */
		3ED8D87FA87CC7C02E22B56A /* Frameworks */ = {
			isa = PBXGroup;
			children = (
				966855F55F9AB5AF6999A534 /* Pods_My_RxSwift.framework */,
			);
			name = Frameworks;
			sourceTree = "<group>";
		};
		531A07C90923A14A701144BA /* Pods */ = {
			isa = PBXGroup;
			children = (
				B30AACB4FE355FF961CA4FE2 /* Pods-My RxSwift.debug.xcconfig */,
				3EB7BA58E9D2D7B5BE580429 /* Pods-My RxSwift.release.xcconfig */,
			);
			name = Pods;
			path = Pods;
			sourceTree = "<group>";
		};
		E0BEA1A526679DBC00690C00 = {
			isa = PBXGroup;
			children = (
				E0BEA1B026679DBC00690C00 /* My RxSwift */,
				E0BEA1AF26679DBC00690C00 /* Products */,
				531A07C90923A14A701144BA /* Pods */,
				3ED8D87FA87CC7C02E22B56A /* Frameworks */,
			);
			sourceTree = "<group>";
		};
		E0BEA1AF26679DBC00690C00 /* Products */ = {
			isa = PBXGroup;
			children = (
				E0BEA1AE26679DBC00690C00 /* My RxSwift.app */,
			);
			name = Products;
			sourceTree = "<group>";
		};
		E0BEA1B026679DBC00690C00 /* My RxSwift */ = {
			isa = PBXGroup;
			children = (
				E0BEA1B126679DBC00690C00 /* AppDelegate.swift */,
				E0BEA1B326679DBC00690C00 /* SceneDelegate.swift */,
				E0BEA1B526679DBC00690C00 /* ViewController.swift */,
				E0BEA1B726679DBC00690C00 /* Main.storyboard */,
				E0BEA1BA26679DBD00690C00 /* Assets.xcassets */,
				E0BEA1BC26679DBD00690C00 /* LaunchScreen.storyboard */,
				E0BEA1BF26679DBD00690C00 /* Info.plist */,
			);
			path = "My RxSwift";
			sourceTree = "<group>";
		};
/* End PBXGroup section */

/* Begin PBXNativeTarget section */
		E0BEA1AD26679DBC00690C00 /* My RxSwift */ = {
			isa = PBXNativeTarget;
			buildConfigurationList = E0BEA1C226679DBD00690C00 /* Build configuration list for PBXNativeTarget "My RxSwift" */;
			buildPhases = (
				F5064CDF1386E45D90A5E4D0 /* [CP] Check Pods Manifest.lock */,
				E0BEA1AA26679DBC00690C00 /* Sources */,
				E0BEA1AB26679DBC00690C00 /* Frameworks */,
				E0BEA1AC26679DBC00690C00 /* Resources */,
				73866AF7A5EEB42EAF6746D0 /* [CP] Embed Pods Frameworks */,
			);
			buildRules = (
			);
			dependencies = (
			);
			name = "My RxSwift";
			productName = "My RxSwift";
			productReference = E0BEA1AE26679DBC00690C00 /* My RxSwift.app */;
			productType = "com.apple.product-type.application";
		};
/* End PBXNativeTarget section */

/* Begin PBXProject section */
		E0BEA1A626679DBC00690C00 /* Project object */ = {
			isa = PBXProject;
			attributes = {
				LastSwiftUpdateCheck = 1250;
				LastUpgradeCheck = 1250;
				TargetAttributes = {
					E0BEA1AD26679DBC00690C00 = {
						CreatedOnToolsVersion = 12.5;
					};
				};
			};
			buildConfigurationList = E0BEA1A926679DBC00690C00 /* Build configuration list for PBXProject "My RxSwift" */;
			compatibilityVersion = "Xcode 9.3";
			developmentRegion = en;
			hasScannedForEncodings = 0;
			knownRegions = (
				en,
				Base,
			);
			mainGroup = E0BEA1A526679DBC00690C00;
			productRefGroup = E0BEA1AF26679DBC00690C00 /* Products */;
			projectDirPath = "";
			projectRoot = "";
			targets = (
				E0BEA1AD26679DBC00690C00 /* My RxSwift */,
			);
		};
/* End PBXProject section */

/* Begin PBXResourcesBuildPhase section */
		E0BEA1AC26679DBC00690C00 /* Resources */ = {
			isa = PBXResourcesBuildPhase;
			buildActionMask = 2147483647;
			files = (
				E0BEA1BE26679DBD00690C00 /* LaunchScreen.storyboard in Resources */,
				E0BEA1BB26679DBD00690C00 /* Assets.xcassets in Resources */,
				E0BEA1B926679DBC00690C00 /* Main.storyboard in Resources */,
			);
			runOnlyForDeploymentPostprocessing = 0;
		};
/* End PBXResourcesBuildPhase section */

/* Begin PBXShellScriptBuildPhase section */
		73866AF7A5EEB42EAF6746D0 /* [CP] Embed Pods Frameworks */ = {
			isa = PBXShellScriptBuildPhase;
			buildActionMask = 2147483647;
			files = (
			);
			inputFileListPaths = (
				"${PODS_ROOT}/Target Support Files/Pods-My RxSwift/Pods-My RxSwift-frameworks-${CONFIGURATION}-input-files.xcfilelist",
			);
			name = "[CP] Embed Pods Frameworks";
			outputFileListPaths = (
				"${PODS_ROOT}/Target Support Files/Pods-My RxSwift/Pods-My RxSwift-frameworks-${CONFIGURATION}-output-files.xcfilelist",
			);
			runOnlyForDeploymentPostprocessing = 0;
			shellPath = /bin/sh;
			shellScript = "\"${PODS_ROOT}/Target Support Files/Pods-My RxSwift/Pods-My RxSwift-frameworks.sh\"\n";
			showEnvVarsInLog = 0;
		};
		F5064CDF1386E45D90A5E4D0 /* [CP] Check Pods Manifest.lock */ = {
			isa = PBXShellScriptBuildPhase;
			buildActionMask = 2147483647;
			files = (
			);
			inputFileListPaths = (
			);
			inputPaths = (
				"${PODS_PODFILE_DIR_PATH}/Podfile.lock",
				"${PODS_ROOT}/Manifest.lock",
			);
			name = "[CP] Check Pods Manifest.lock";
			outputFileListPaths = (
			);
			outputPaths = (
				"$(DERIVED_FILE_DIR)/Pods-My RxSwift-checkManifestLockResult.txt",
			);
			runOnlyForDeploymentPostprocessing = 0;
			shellPath = /bin/sh;
			shellScript = "diff \"${PODS_PODFILE_DIR_PATH}/Podfile.lock\" \"${PODS_ROOT}/Manifest.lock\" > /dev/null\nif [ $? != 0 ] ; then\n    # print error to STDERR\n    echo \"error: The sandbox is not in sync with the Podfile.lock. Run 'pod install' or update your CocoaPods installation.\" >&2\n    exit 1\nfi\n# This output is used by Xcode 'outputs' to avoid re-running this script phase.\necho \"SUCCESS\" > \"${SCRIPT_OUTPUT_FILE_0}\"\n";
			showEnvVarsInLog = 0;
		};
/* End PBXShellScriptBuildPhase section */

/* Begin PBXSourcesBuildPhase section */
		E0BEA1AA26679DBC00690C00 /* Sources */ = {
			isa = PBXSourcesBuildPhase;
			buildActionMask = 2147483647;
			files = (
				E0BEA1B626679DBC00690C00 /* ViewController.swift in Sources */,
				E0BEA1B226679DBC00690C00 /* AppDelegate.swift in Sources */,
				E0BEA1B426679DBC00690C00 /* SceneDelegate.swift in Sources */,
			);
			runOnlyForDeploymentPostprocessing = 0;
		};
/* End PBXSourcesBuildPhase section */

/* Begin PBXVariantGroup section */
		E0BEA1B726679DBC00690C00 /* Main.storyboard */ = {
			isa = PBXVariantGroup;
			children = (
				E0BEA1B826679DBC00690C00 /* Base */,
			);
			name = Main.storyboard;
			sourceTree = "<group>";
		};
		E0BEA1BC26679DBD00690C00 /* LaunchScreen.storyboard */ = {
			isa = PBXVariantGroup;
			children = (
				E0BEA1BD26679DBD00690C00 /* Base */,
			);
			name = LaunchScreen.storyboard;
			sourceTree = "<group>";
		};
/* End PBXVariantGroup section */

/* Begin XCBuildConfiguration section */
		E0BEA1C026679DBD00690C00 /* Debug */ = {
			isa = XCBuildConfiguration;
			buildSettings = {
				ALWAYS_SEARCH_USER_PATHS = NO;
				CLANG_ANALYZER_NONNULL = YES;
				CLANG_ANALYZER_NUMBER_OBJECT_CONVERSION = YES_AGGRESSIVE;
				CLANG_CXX_LANGUAGE_STANDARD = "gnu++14";
				CLANG_CXX_LIBRARY = "libc++";
				CLANG_ENABLE_MODULES = YES;
				CLANG_ENABLE_OBJC_ARC = YES;
				CLANG_ENABLE_OBJC_WEAK = YES;
				CLANG_WARN_BLOCK_CAPTURE_AUTORELEASING = YES;
				CLANG_WARN_BOOL_CONVERSION = YES;
				CLANG_WARN_COMMA = YES;
				CLANG_WARN_CONSTANT_CONVERSION = YES;
				CLANG_WARN_DEPRECATED_OBJC_IMPLEMENTATIONS = YES;
				CLANG_WARN_DIRECT_OBJC_ISA_USAGE = YES_ERROR;
				CLANG_WARN_DOCUMENTATION_COMMENTS = YES;
				CLANG_WARN_EMPTY_BODY = YES;
				CLANG_WARN_ENUM_CONVERSION = YES;
				CLANG_WARN_INFINITE_RECURSION = YES;
				CLANG_WARN_INT_CONVERSION = YES;
				CLANG_WARN_NON_LITERAL_NULL_CONVERSION = YES;
				CLANG_WARN_OBJC_IMPLICIT_RETAIN_SELF = YES;
				CLANG_WARN_OBJC_LITERAL_CONVERSION = YES;
				CLANG_WARN_OBJC_ROOT_CLASS = YES_ERROR;
				CLANG_WARN_QUOTED_INCLUDE_IN_FRAMEWORK_HEADER = YES;
				CLANG_WARN_RANGE_LOOP_ANALYSIS = YES;
				CLANG_WARN_STRICT_PROTOTYPES = YES;
				CLANG_WARN_SUSPICIOUS_MOVE = YES;
				CLANG_WARN_UNGUARDED_AVAILABILITY = YES_AGGRESSIVE;
				CLANG_WARN_UNREACHABLE_CODE = YES;
				CLANG_WARN__DUPLICATE_METHOD_MATCH = YES;
				COPY_PHASE_STRIP = NO;
				DEBUG_INFORMATION_FORMAT = dwarf;
				ENABLE_STRICT_OBJC_MSGSEND = YES;
				ENABLE_TESTABILITY = YES;
				GCC_C_LANGUAGE_STANDARD = gnu11;
				GCC_DYNAMIC_NO_PIC = NO;
				GCC_NO_COMMON_BLOCKS = YES;
				GCC_OPTIMIZATION_LEVEL = 0;
				GCC_PREPROCESSOR_DEFINITIONS = (
					"DEBUG=1",
					"$(inherited)",
				);
				GCC_WARN_64_TO_32_BIT_CONVERSION = YES;
				GCC_WARN_ABOUT_RETURN_TYPE = YES_ERROR;
				GCC_WARN_UNDECLARED_SELECTOR = YES;
				GCC_WARN_UNINITIALIZED_AUTOS = YES_AGGRESSIVE;
				GCC_WARN_UNUSED_FUNCTION = YES;
				GCC_WARN_UNUSED_VARIABLE = YES;
				IPHONEOS_DEPLOYMENT_TARGET = 14.5;
				MTL_ENABLE_DEBUG_INFO = INCLUDE_SOURCE;
				MTL_FAST_MATH = YES;
				ONLY_ACTIVE_ARCH = YES;
				SDKROOT = iphoneos;
				SWIFT_ACTIVE_COMPILATION_CONDITIONS = DEBUG;
				SWIFT_OPTIMIZATION_LEVEL = "-Onone";
			};
			name = Debug;
		};
		E0BEA1C126679DBD00690C00 /* Release */ = {
			isa = XCBuildConfiguration;
			buildSettings = {
				ALWAYS_SEARCH_USER_PATHS = NO;
				CLANG_ANALYZER_NONNULL = YES;
				CLANG_ANALYZER_NUMBER_OBJECT_CONVERSION = YES_AGGRESSIVE;
				CLANG_CXX_LANGUAGE_STANDARD = "gnu++14";
				CLANG_CXX_LIBRARY = "libc++";
				CLANG_ENABLE_MODULES = YES;
				CLANG_ENABLE_OBJC_ARC = YES;
				CLANG_ENABLE_OBJC_WEAK = YES;
				CLANG_WARN_BLOCK_CAPTURE_AUTORELEASING = YES;
				CLANG_WARN_BOOL_CONVERSION = YES;
				CLANG_WARN_COMMA = YES;
				CLANG_WARN_CONSTANT_CONVERSION = YES;
				CLANG_WARN_DEPRECATED_OBJC_IMPLEMENTATIONS = YES;
				CLANG_WARN_DIRECT_OBJC_ISA_USAGE = YES_ERROR;
				CLANG_WARN_DOCUMENTATION_COMMENTS = YES;
				CLANG_WARN_EMPTY_BODY = YES;
				CLANG_WARN_ENUM_CONVERSION = YES;
				CLANG_WARN_INFINITE_RECURSION = YES;
				CLANG_WARN_INT_CONVERSION = YES;
				CLANG_WARN_NON_LITERAL_NULL_CONVERSION = YES;
				CLANG_WARN_OBJC_IMPLICIT_RETAIN_SELF = YES;
				CLANG_WARN_OBJC_LITERAL_CONVERSION = YES;
				CLANG_WARN_OBJC_ROOT_CLASS = YES_ERROR;
				CLANG_WARN_QUOTED_INCLUDE_IN_FRAMEWORK_HEADER = YES;
				CLANG_WARN_RANGE_LOOP_ANALYSIS = YES;
				CLANG_WARN_STRICT_PROTOTYPES = YES;
				CLANG_WARN_SUSPICIOUS_MOVE = YES;
				CLANG_WARN_UNGUARDED_AVAILABILITY = YES_AGGRESSIVE;
				CLANG_WARN_UNREACHABLE_CODE = YES;
				CLANG_WARN__DUPLICATE_METHOD_MATCH = YES;
				COPY_PHASE_STRIP = NO;
				DEBUG_INFORMATION_FORMAT = "dwarf-with-dsym";
				ENABLE_NS_ASSERTIONS = NO;
				ENABLE_STRICT_OBJC_MSGSEND = YES;
				GCC_C_LANGUAGE_STANDARD = gnu11;
				GCC_NO_COMMON_BLOCKS = YES;
				GCC_WARN_64_TO_32_BIT_CONVERSION = YES;
				GCC_WARN_ABOUT_RETURN_TYPE = YES_ERROR;
				GCC_WARN_UNDECLARED_SELECTOR = YES;
				GCC_WARN_UNINITIALIZED_AUTOS = YES_AGGRESSIVE;
				GCC_WARN_UNUSED_FUNCTION = YES;
				GCC_WARN_UNUSED_VARIABLE = YES;
				IPHONEOS_DEPLOYMENT_TARGET = 14.5;
				MTL_ENABLE_DEBUG_INFO = NO;
				MTL_FAST_MATH = YES;
				SDKROOT = iphoneos;
				SWIFT_COMPILATION_MODE = wholemodule;
				SWIFT_OPTIMIZATION_LEVEL = "-O";
				VALIDATE_PRODUCT = YES;
			};
			name = Release;
		};
		E0BEA1C326679DBD00690C00 /* Debug */ = {
			isa = XCBuildConfiguration;
			baseConfigurationReference = B30AACB4FE355FF961CA4FE2 /* Pods-My RxSwift.debug.xcconfig */;
			buildSettings = {
				ASSETCATALOG_COMPILER_APPICON_NAME = AppIcon;
				ASSETCATALOG_COMPILER_GLOBAL_ACCENT_COLOR_NAME = AccentColor;
				CODE_SIGN_STYLE = Automatic;
				DEVELOPMENT_TEAM = Q5MD7Q6W83;
				INFOPLIST_FILE = "My RxSwift/Info.plist";
				LD_RUNPATH_SEARCH_PATHS = (
					"$(inherited)",
					"@executable_path/Frameworks",
				);
				PRODUCT_BUNDLE_IDENTIFIER = "com.susu.My-RxSwift";
				PRODUCT_NAME = "$(TARGET_NAME)";
				SWIFT_VERSION = 5.0;
				TARGETED_DEVICE_FAMILY = "1,2";
			};
			name = Debug;
		};
		E0BEA1C426679DBD00690C00 /* Release */ = {
			isa = XCBuildConfiguration;
			baseConfigurationReference = 3EB7BA58E9D2D7B5BE580429 /* Pods-My RxSwift.release.xcconfig */;
			buildSettings = {
				ASSETCATALOG_COMPILER_APPICON_NAME = AppIcon;
				ASSETCATALOG_COMPILER_GLOBAL_ACCENT_COLOR_NAME = AccentColor;
				CODE_SIGN_STYLE = Automatic;
				DEVELOPMENT_TEAM = Q5MD7Q6W83;
				INFOPLIST_FILE = "My RxSwift/Info.plist";
				LD_RUNPATH_SEARCH_PATHS = (
					"$(inherited)",
					"@executable_path/Frameworks",
				);
				PRODUCT_BUNDLE_IDENTIFIER = "com.susu.My-RxSwift";
				PRODUCT_NAME = "$(TARGET_NAME)";
				SWIFT_VERSION = 5.0;
				TARGETED_DEVICE_FAMILY = "1,2";
			};
			name = Release;
		};
/* End XCBuildConfiguration section */

/* Begin XCConfigurationList section */
		E0BEA1A926679DBC00690C00 /* Build configuration list for PBXProject "My RxSwift" */ = {
			isa = XCConfigurationList;
			buildConfigurations = (
				E0BEA1C026679DBD00690C00 /* Debug */,
				E0BEA1C126679DBD00690C00 /* Release */,
			);
			defaultConfigurationIsVisible = 0;
			defaultConfigurationName = Release;
		};
		E0BEA1C226679DBD00690C00 /* Build configuration list for PBXNativeTarget "My RxSwift" */ = {
			isa = XCConfigurationList;
			buildConfigurations = (
				E0BEA1C326679DBD00690C00 /* Debug */,
				E0BEA1C426679DBD00690C00 /* Release */,
			);
			defaultConfigurationIsVisible = 0;
			defaultConfigurationName = Release;
		};
/* End XCConfigurationList section */
	};
	rootObject = E0BEA1A626679DBC00690C00 /* Project object */;
}
